
Microsoft Visual Studio Solution File, Format Version 12.00
# Visual Studio Version 17
VisualStudioVersion = 17.4.33110.190
MinimumVisualStudioVersion = 10.0.40219.1
Project("{FAE04EC0-301F-11D3-BF4B-00C04F79EFBC}") = "AtmConsole", "AtmConsole\AtmConsole.csproj", "{AC27625B-E5FD-4F22-9B8B-CF703889FC10}"
EndProject
Global
	GlobalSection(SolutionConfigurationPlatforms) = preSolution
		Debug|Any CPU = Debug|Any CPU
		Release|Any CPU = Release|Any CPU
	EndGlobalSection
	GlobalSection(ProjectConfigurationPlatforms) = postSolution
		{AC27625B-E5FD-4F22-9B8B-CF703889FC10}.Debug|Any CPU.ActiveCfg = Debug|Any CPU
		{AC27625B-E5FD-4F22-9B8B-CF703889FC10}.Debug|Any CPU.Build.0 = Debug|Any CPU
		{AC27625B-E5FD-4F22-9B8B-CF703889FC10}.Release|Any CPU.ActiveCfg = Release|Any CPU
		{AC27625B-E5FD-4F22-9B8B-CF703889FC10}.Release|Any CPU.Build.0 = Release|Any CPU
	EndGlobalSection
	GlobalSection(SolutionProperties) = preSolution
		HideSolutionNode = FALSE
	EndGlobalSection
	GlobalSection(ExtensibilityGlobals) = postSolution
		SolutionGuid = {7D683349-B98F-477A-9525-F673CBFEAF33}
	EndGlobalSection
EndGlobal
